// !$*UTF8*$!
{
	archiveVersion = 1;
	classes = {
	};
	objectVersion = 55;
	objects = {

/* Begin PBXBuildFile section */
		82C78AC92816746C003AB766 /* AnyView.swift in Sources */ = {isa = PBXBuildFile; fileRef = 82C78AC82816746C003AB766 /* AnyView.swift */; };
		82C78ACB2816747F003AB766 /* AnyInteractor.swift in Sources */ = {isa = PBXBuildFile; fileRef = 82C78ACA2816747F003AB766 /* AnyInteractor.swift */; };
		82C78ACD28167491003AB766 /* AnyPresenter.swift in Sources */ = {isa = PBXBuildFile; fileRef = 82C78ACC28167491003AB766 /* AnyPresenter.swift */; };
		82C78ACF281674A1003AB766 /* AnyRouter.swift in Sources */ = {isa = PBXBuildFile; fileRef = 82C78ACE281674A1003AB766 /* AnyRouter.swift */; };
		82C78AD228167516003AB766 /* BaseEntity.swift in Sources */ = {isa = PBXBuildFile; fileRef = 82C78AD128167516003AB766 /* BaseEntity.swift */; };
		82C78AD428167527003AB766 /* RatesEntity.swift in Sources */ = {isa = PBXBuildFile; fileRef = 82C78AD328167527003AB766 /* RatesEntity.swift */; };
		82C78AD628167536003AB766 /* ErrorEntity.swift in Sources */ = {isa = PBXBuildFile; fileRef = 82C78AD528167536003AB766 /* ErrorEntity.swift */; };
		82C78AD828167548003AB766 /* SymbolsEntity.swift in Sources */ = {isa = PBXBuildFile; fileRef = 82C78AD728167548003AB766 /* SymbolsEntity.swift */; };
		82C78ADA28167557003AB766 /* GenericEntity.swift in Sources */ = {isa = PBXBuildFile; fileRef = 82C78AD928167557003AB766 /* GenericEntity.swift */; };
		82C78ADE281675E0003AB766 /* NetworkChainProtocol.swift in Sources */ = {isa = PBXBuildFile; fileRef = 82C78ADD281675E0003AB766 /* NetworkChainProtocol.swift */; };
		82C78AE0281675F1003AB766 /* SuccessResponse.swift in Sources */ = {isa = PBXBuildFile; fileRef = 82C78ADF281675F1003AB766 /* SuccessResponse.swift */; };
		82C78AE228167604003AB766 /* InternalServerError.swift in Sources */ = {isa = PBXBuildFile; fileRef = 82C78AE128167604003AB766 /* InternalServerError.swift */; };
		82C78AE428167614003AB766 /* FixerErrorResponse.swift in Sources */ = {isa = PBXBuildFile; fileRef = 82C78AE328167614003AB766 /* FixerErrorResponse.swift */; };
		82C78AE62816766E003AB766 /* NetworkErrors.swift in Sources */ = {isa = PBXBuildFile; fileRef = 82C78AE52816766E003AB766 /* NetworkErrors.swift */; };
		82C78AE82816769A003AB766 /* Network.swift in Sources */ = {isa = PBXBuildFile; fileRef = 82C78AE72816769A003AB766 /* Network.swift */; };
		82C78AEA281677B9003AB766 /* ServicesTests.swift in Sources */ = {isa = PBXBuildFile; fileRef = 82C78AE9281677B9003AB766 /* ServicesTests.swift */; };
		82C78AF028167AD0003AB766 /* SymbolsEnums.swift in Sources */ = {isa = PBXBuildFile; fileRef = 82C78AEF28167AD0003AB766 /* SymbolsEnums.swift */; };
		82C78AF328167B0D003AB766 /* String+Utils.swift in Sources */ = {isa = PBXBuildFile; fileRef = 82C78AF228167B0D003AB766 /* String+Utils.swift */; };
		82C78AF528167B3A003AB766 /* ExtensionTests.swift in Sources */ = {isa = PBXBuildFile; fileRef = 82C78AF428167B3A003AB766 /* ExtensionTests.swift */; };
		82C78AF728167E52003AB766 /* ExchangeSymbols.swift in Sources */ = {isa = PBXBuildFile; fileRef = 82C78AF628167E52003AB766 /* ExchangeSymbols.swift */; };
		82C78AFB28167EBF003AB766 /* ExchangeTVC.swift in Sources */ = {isa = PBXBuildFile; fileRef = 82C78AFA28167EBF003AB766 /* ExchangeTVC.swift */; };
		82C78AFD28167EDE003AB766 /* ExchangeVC.swift in Sources */ = {isa = PBXBuildFile; fileRef = 82C78AFC28167EDE003AB766 /* ExchangeVC.swift */; };
		82C78AFF28167F06003AB766 /* ExchangeView.swift in Sources */ = {isa = PBXBuildFile; fileRef = 82C78AFE28167F06003AB766 /* ExchangeView.swift */; };
		82C78B0128167F2F003AB766 /* ExchangeIntractor.swift in Sources */ = {isa = PBXBuildFile; fileRef = 82C78B0028167F2F003AB766 /* ExchangeIntractor.swift */; };
		82C78B0328167F4C003AB766 /* ExchangePresenter.swift in Sources */ = {isa = PBXBuildFile; fileRef = 82C78B0228167F4C003AB766 /* ExchangePresenter.swift */; };
		82C78B0528167F67003AB766 /* ExchangeTVHandler.swift in Sources */ = {isa = PBXBuildFile; fileRef = 82C78B0428167F67003AB766 /* ExchangeTVHandler.swift */; };
		82C78B0728167F87003AB766 /* ExchangeRouter.swift in Sources */ = {isa = PBXBuildFile; fileRef = 82C78B0628167F87003AB766 /* ExchangeRouter.swift */; };
		82C78B0928167FAC003AB766 /* Collection+SafeIndex.swift in Sources */ = {isa = PBXBuildFile; fileRef = 82C78B0828167FAC003AB766 /* Collection+SafeIndex.swift */; };
		82C78B0C2816834D003AB766 /* NameOfCurrenciesVC.swift in Sources */ = {isa = PBXBuildFile; fileRef = 82C78B0B2816834D003AB766 /* NameOfCurrenciesVC.swift */; };
		82C78B0E2816B55A003AB766 /* TimeSeriesEntity.swift in Sources */ = {isa = PBXBuildFile; fileRef = 82C78B0D2816B55A003AB766 /* TimeSeriesEntity.swift */; };
		82C78B102816B84D003AB766 /* TimeSeriesRatesEntity.swift in Sources */ = {isa = PBXBuildFile; fileRef = 82C78B0F2816B84D003AB766 /* TimeSeriesRatesEntity.swift */; };
		82C78B132816BACB003AB766 /* ExchangeHistoryVC.swift in Sources */ = {isa = PBXBuildFile; fileRef = 82C78B122816BACB003AB766 /* ExchangeHistoryVC.swift */; };
		82C78B152816C20E003AB766 /* ExchangeHistoryCVC.swift in Sources */ = {isa = PBXBuildFile; fileRef = 82C78B142816C20E003AB766 /* ExchangeHistoryCVC.swift */; };
		82C78B182816C278003AB766 /* ExchangeHistoryCVCell.swift in Sources */ = {isa = PBXBuildFile; fileRef = 82C78B172816C278003AB766 /* ExchangeHistoryCVCell.swift */; };
		82C78B1A2816C96F003AB766 /* ExchangeHistoryView.swift in Sources */ = {isa = PBXBuildFile; fileRef = 82C78B192816C96F003AB766 /* ExchangeHistoryView.swift */; };
		82C78B1C2816C9C6003AB766 /* ExchangeHistoryInteractor.swift in Sources */ = {isa = PBXBuildFile; fileRef = 82C78B1B2816C9C6003AB766 /* ExchangeHistoryInteractor.swift */; };
		82C78B1E2816C9F0003AB766 /* ExchangeHistoryPresenter.swift in Sources */ = {isa = PBXBuildFile; fileRef = 82C78B1D2816C9F0003AB766 /* ExchangeHistoryPresenter.swift */; };
		82C78B202816CA1A003AB766 /* ExchangeHistoryRouter.swift in Sources */ = {isa = PBXBuildFile; fileRef = 82C78B1F2816CA1A003AB766 /* ExchangeHistoryRouter.swift */; };
		82C78B222816CC8A003AB766 /* TimeSeriesRateEntity.swift in Sources */ = {isa = PBXBuildFile; fileRef = 82C78B212816CC8A003AB766 /* TimeSeriesRateEntity.swift */; };
		82C78B242816E49A003AB766 /* Date+utils.swift in Sources */ = {isa = PBXBuildFile; fileRef = 82C78B232816E49A003AB766 /* Date+utils.swift */; };
		82F617072815D4F700282CBF /* AppDelegate.swift in Sources */ = {isa = PBXBuildFile; fileRef = 82F617062815D4F700282CBF /* AppDelegate.swift */; };
		82F617092815D4F700282CBF /* SceneDelegate.swift in Sources */ = {isa = PBXBuildFile; fileRef = 82F617082815D4F700282CBF /* SceneDelegate.swift */; };
		82F6170B2815D4F700282CBF /* ViewController.swift in Sources */ = {isa = PBXBuildFile; fileRef = 82F6170A2815D4F700282CBF /* ViewController.swift */; };
		82F6170E2815D4F700282CBF /* Main.storyboard in Resources */ = {isa = PBXBuildFile; fileRef = 82F6170C2815D4F700282CBF /* Main.storyboard */; };
		82F617102815D4F900282CBF /* Assets.xcassets in Resources */ = {isa = PBXBuildFile; fileRef = 82F6170F2815D4F900282CBF /* Assets.xcassets */; };
		82F617132815D4F900282CBF /* LaunchScreen.storyboard in Resources */ = {isa = PBXBuildFile; fileRef = 82F617112815D4F900282CBF /* LaunchScreen.storyboard */; };
		82F6171E2815D4FA00282CBF /* PetSafeCodeChallengeUIKitTests.swift in Sources */ = {isa = PBXBuildFile; fileRef = 82F6171D2815D4FA00282CBF /* PetSafeCodeChallengeUIKitTests.swift */; };
		82F617282815D4FA00282CBF /* PetSafeCodeChallengeUIKitUITests.swift in Sources */ = {isa = PBXBuildFile; fileRef = 82F617272815D4FA00282CBF /* PetSafeCodeChallengeUIKitUITests.swift */; };
		82F6172A2815D4FA00282CBF /* PetSafeCodeChallengeUIKitUITestsLaunchTests.swift in Sources */ = {isa = PBXBuildFile; fileRef = 82F617292815D4FA00282CBF /* PetSafeCodeChallengeUIKitUITestsLaunchTests.swift */; };
/* End PBXBuildFile section */

/* Begin PBXContainerItemProxy section */
		82F6171A2815D4FA00282CBF /* PBXContainerItemProxy */ = {
			isa = PBXContainerItemProxy;
			containerPortal = 82F616FB2815D4F700282CBF /* Project object */;
			proxyType = 1;
			remoteGlobalIDString = 82F617022815D4F700282CBF;
			remoteInfo = PetSafeCodeChallengeUIKit;
		};
		82F617242815D4FA00282CBF /* PBXContainerItemProxy */ = {
			isa = PBXContainerItemProxy;
			containerPortal = 82F616FB2815D4F700282CBF /* Project object */;
			proxyType = 1;
			remoteGlobalIDString = 82F617022815D4F700282CBF;
			remoteInfo = PetSafeCodeChallengeUIKit;
		};
/* End PBXContainerItemProxy section */

/* Begin PBXFileReference section */
		82C78AC82816746C003AB766 /* AnyView.swift */ = {isa = PBXFileReference; lastKnownFileType = sourcecode.swift; path = AnyView.swift; sourceTree = "<group>"; };
		82C78ACA2816747F003AB766 /* AnyInteractor.swift */ = {isa = PBXFileReference; lastKnownFileType = sourcecode.swift; path = AnyInteractor.swift; sourceTree = "<group>"; };
		82C78ACC28167491003AB766 /* AnyPresenter.swift */ = {isa = PBXFileReference; lastKnownFileType = sourcecode.swift; path = AnyPresenter.swift; sourceTree = "<group>"; };
		82C78ACE281674A1003AB766 /* AnyRouter.swift */ = {isa = PBXFileReference; lastKnownFileType = sourcecode.swift; path = AnyRouter.swift; sourceTree = "<group>"; };
		82C78AD128167516003AB766 /* BaseEntity.swift */ = {isa = PBXFileReference; lastKnownFileType = sourcecode.swift; path = BaseEntity.swift; sourceTree = "<group>"; };
		82C78AD328167527003AB766 /* RatesEntity.swift */ = {isa = PBXFileReference; lastKnownFileType = sourcecode.swift; path = RatesEntity.swift; sourceTree = "<group>"; };
		82C78AD528167536003AB766 /* ErrorEntity.swift */ = {isa = PBXFileReference; lastKnownFileType = sourcecode.swift; path = ErrorEntity.swift; sourceTree = "<group>"; };
		82C78AD728167548003AB766 /* SymbolsEntity.swift */ = {isa = PBXFileReference; lastKnownFileType = sourcecode.swift; path = SymbolsEntity.swift; sourceTree = "<group>"; };
		82C78AD928167557003AB766 /* GenericEntity.swift */ = {isa = PBXFileReference; lastKnownFileType = sourcecode.swift; path = GenericEntity.swift; sourceTree = "<group>"; };
		82C78ADD281675E0003AB766 /* NetworkChainProtocol.swift */ = {isa = PBXFileReference; lastKnownFileType = sourcecode.swift; path = NetworkChainProtocol.swift; sourceTree = "<group>"; };
		82C78ADF281675F1003AB766 /* SuccessResponse.swift */ = {isa = PBXFileReference; lastKnownFileType = sourcecode.swift; path = SuccessResponse.swift; sourceTree = "<group>"; };
		82C78AE128167604003AB766 /* InternalServerError.swift */ = {isa = PBXFileReference; lastKnownFileType = sourcecode.swift; path = InternalServerError.swift; sourceTree = "<group>"; };
		82C78AE328167614003AB766 /* FixerErrorResponse.swift */ = {isa = PBXFileReference; lastKnownFileType = sourcecode.swift; path = FixerErrorResponse.swift; sourceTree = "<group>"; };
		82C78AE52816766E003AB766 /* NetworkErrors.swift */ = {isa = PBXFileReference; lastKnownFileType = sourcecode.swift; path = NetworkErrors.swift; sourceTree = "<group>"; };
		82C78AE72816769A003AB766 /* Network.swift */ = {isa = PBXFileReference; lastKnownFileType = sourcecode.swift; path = Network.swift; sourceTree = "<group>"; };
		82C78AE9281677B9003AB766 /* ServicesTests.swift */ = {isa = PBXFileReference; lastKnownFileType = sourcecode.swift; path = ServicesTests.swift; sourceTree = "<group>"; };
		82C78AEF28167AD0003AB766 /* SymbolsEnums.swift */ = {isa = PBXFileReference; lastKnownFileType = sourcecode.swift; path = SymbolsEnums.swift; sourceTree = "<group>"; };
		82C78AF228167B0D003AB766 /* String+Utils.swift */ = {isa = PBXFileReference; lastKnownFileType = sourcecode.swift; path = "String+Utils.swift"; sourceTree = "<group>"; };
		82C78AF428167B3A003AB766 /* ExtensionTests.swift */ = {isa = PBXFileReference; lastKnownFileType = sourcecode.swift; path = ExtensionTests.swift; sourceTree = "<group>"; };
		82C78AF628167E52003AB766 /* ExchangeSymbols.swift */ = {isa = PBXFileReference; lastKnownFileType = sourcecode.swift; path = ExchangeSymbols.swift; sourceTree = "<group>"; };
		82C78AFA28167EBF003AB766 /* ExchangeTVC.swift */ = {isa = PBXFileReference; lastKnownFileType = sourcecode.swift; path = ExchangeTVC.swift; sourceTree = "<group>"; };
		82C78AFC28167EDE003AB766 /* ExchangeVC.swift */ = {isa = PBXFileReference; lastKnownFileType = sourcecode.swift; path = ExchangeVC.swift; sourceTree = "<group>"; };
		82C78AFE28167F06003AB766 /* ExchangeView.swift */ = {isa = PBXFileReference; lastKnownFileType = sourcecode.swift; path = ExchangeView.swift; sourceTree = "<group>"; };
		82C78B0028167F2F003AB766 /* ExchangeIntractor.swift */ = {isa = PBXFileReference; lastKnownFileType = sourcecode.swift; path = ExchangeIntractor.swift; sourceTree = "<group>"; };
		82C78B0228167F4C003AB766 /* ExchangePresenter.swift */ = {isa = PBXFileReference; lastKnownFileType = sourcecode.swift; path = ExchangePresenter.swift; sourceTree = "<group>"; };
		82C78B0428167F67003AB766 /* ExchangeTVHandler.swift */ = {isa = PBXFileReference; lastKnownFileType = sourcecode.swift; path = ExchangeTVHandler.swift; sourceTree = "<group>"; };
		82C78B0628167F87003AB766 /* ExchangeRouter.swift */ = {isa = PBXFileReference; lastKnownFileType = sourcecode.swift; path = ExchangeRouter.swift; sourceTree = "<group>"; };
		82C78B0828167FAC003AB766 /* Collection+SafeIndex.swift */ = {isa = PBXFileReference; lastKnownFileType = sourcecode.swift; path = "Collection+SafeIndex.swift"; sourceTree = "<group>"; };
		82C78B0B2816834D003AB766 /* NameOfCurrenciesVC.swift */ = {isa = PBXFileReference; lastKnownFileType = sourcecode.swift; path = NameOfCurrenciesVC.swift; sourceTree = "<group>"; };
		82C78B0D2816B55A003AB766 /* TimeSeriesEntity.swift */ = {isa = PBXFileReference; lastKnownFileType = sourcecode.swift; path = TimeSeriesEntity.swift; sourceTree = "<group>"; };
		82C78B0F2816B84D003AB766 /* TimeSeriesRatesEntity.swift */ = {isa = PBXFileReference; lastKnownFileType = sourcecode.swift; path = TimeSeriesRatesEntity.swift; sourceTree = "<group>"; };
		82C78B122816BACB003AB766 /* ExchangeHistoryVC.swift */ = {isa = PBXFileReference; lastKnownFileType = sourcecode.swift; path = ExchangeHistoryVC.swift; sourceTree = "<group>"; };
		82C78B142816C20E003AB766 /* ExchangeHistoryCVC.swift */ = {isa = PBXFileReference; lastKnownFileType = sourcecode.swift; path = ExchangeHistoryCVC.swift; sourceTree = "<group>"; };
		82C78B172816C278003AB766 /* ExchangeHistoryCVCell.swift */ = {isa = PBXFileReference; lastKnownFileType = sourcecode.swift; path = ExchangeHistoryCVCell.swift; sourceTree = "<group>"; };
		82C78B192816C96F003AB766 /* ExchangeHistoryView.swift */ = {isa = PBXFileReference; lastKnownFileType = sourcecode.swift; path = ExchangeHistoryView.swift; sourceTree = "<group>"; };
		82C78B1B2816C9C6003AB766 /* ExchangeHistoryInteractor.swift */ = {isa = PBXFileReference; lastKnownFileType = sourcecode.swift; path = ExchangeHistoryInteractor.swift; sourceTree = "<group>"; };
		82C78B1D2816C9F0003AB766 /* ExchangeHistoryPresenter.swift */ = {isa = PBXFileReference; lastKnownFileType = sourcecode.swift; path = ExchangeHistoryPresenter.swift; sourceTree = "<group>"; };
		82C78B1F2816CA1A003AB766 /* ExchangeHistoryRouter.swift */ = {isa = PBXFileReference; lastKnownFileType = sourcecode.swift; path = ExchangeHistoryRouter.swift; sourceTree = "<group>"; };
		82C78B212816CC8A003AB766 /* TimeSeriesRateEntity.swift */ = {isa = PBXFileReference; lastKnownFileType = sourcecode.swift; path = TimeSeriesRateEntity.swift; sourceTree = "<group>"; };
		82C78B232816E49A003AB766 /* Date+utils.swift */ = {isa = PBXFileReference; lastKnownFileType = sourcecode.swift; path = "Date+utils.swift"; sourceTree = "<group>"; };
		82F617032815D4F700282CBF /* PetSafeCodeChallengeUIKit.app */ = {isa = PBXFileReference; explicitFileType = wrapper.application; includeInIndex = 0; path = PetSafeCodeChallengeUIKit.app; sourceTree = BUILT_PRODUCTS_DIR; };
		82F617062815D4F700282CBF /* AppDelegate.swift */ = {isa = PBXFileReference; lastKnownFileType = sourcecode.swift; path = AppDelegate.swift; sourceTree = "<group>"; };
		82F617082815D4F700282CBF /* SceneDelegate.swift */ = {isa = PBXFileReference; lastKnownFileType = sourcecode.swift; path = SceneDelegate.swift; sourceTree = "<group>"; };
		82F6170A2815D4F700282CBF /* ViewController.swift */ = {isa = PBXFileReference; lastKnownFileType = sourcecode.swift; path = ViewController.swift; sourceTree = "<group>"; };
		82F6170D2815D4F700282CBF /* Base */ = {isa = PBXFileReference; lastKnownFileType = file.storyboard; name = Base; path = Base.lproj/Main.storyboard; sourceTree = "<group>"; };
		82F6170F2815D4F900282CBF /* Assets.xcassets */ = {isa = PBXFileReference; lastKnownFileType = folder.assetcatalog; path = Assets.xcassets; sourceTree = "<group>"; };
		82F617122815D4F900282CBF /* Base */ = {isa = PBXFileReference; lastKnownFileType = file.storyboard; name = Base; path = Base.lproj/LaunchScreen.storyboard; sourceTree = "<group>"; };
		82F617142815D4F900282CBF /* Info.plist */ = {isa = PBXFileReference; lastKnownFileType = text.plist.xml; path = Info.plist; sourceTree = "<group>"; };
		82F617192815D4FA00282CBF /* PetSafeCodeChallengeUIKitTests.xctest */ = {isa = PBXFileReference; explicitFileType = wrapper.cfbundle; includeInIndex = 0; path = PetSafeCodeChallengeUIKitTests.xctest; sourceTree = BUILT_PRODUCTS_DIR; };
		82F6171D2815D4FA00282CBF /* PetSafeCodeChallengeUIKitTests.swift */ = {isa = PBXFileReference; lastKnownFileType = sourcecode.swift; path = PetSafeCodeChallengeUIKitTests.swift; sourceTree = "<group>"; };
		82F617232815D4FA00282CBF /* PetSafeCodeChallengeUIKitUITests.xctest */ = {isa = PBXFileReference; explicitFileType = wrapper.cfbundle; includeInIndex = 0; path = PetSafeCodeChallengeUIKitUITests.xctest; sourceTree = BUILT_PRODUCTS_DIR; };
		82F617272815D4FA00282CBF /* PetSafeCodeChallengeUIKitUITests.swift */ = {isa = PBXFileReference; lastKnownFileType = sourcecode.swift; path = PetSafeCodeChallengeUIKitUITests.swift; sourceTree = "<group>"; };
		82F617292815D4FA00282CBF /* PetSafeCodeChallengeUIKitUITestsLaunchTests.swift */ = {isa = PBXFileReference; lastKnownFileType = sourcecode.swift; path = PetSafeCodeChallengeUIKitUITestsLaunchTests.swift; sourceTree = "<group>"; };
/* End PBXFileReference section */

/* Begin PBXFrameworksBuildPhase section */
		82F617002815D4F700282CBF /* Frameworks */ = {
			isa = PBXFrameworksBuildPhase;
			buildActionMask = 2147483647;
			files = (
			);
			runOnlyForDeploymentPostprocessing = 0;
		};
		82F617162815D4FA00282CBF /* Frameworks */ = {
			isa = PBXFrameworksBuildPhase;
			buildActionMask = 2147483647;
			files = (
			);
			runOnlyForDeploymentPostprocessing = 0;
		};
		82F617202815D4FA00282CBF /* Frameworks */ = {
			isa = PBXFrameworksBuildPhase;
			buildActionMask = 2147483647;
			files = (
			);
			runOnlyForDeploymentPostprocessing = 0;
		};
/* End PBXFrameworksBuildPhase section */

/* Begin PBXGroup section */
		82C78AC62816707D003AB766 /* SupportingFiles */ = {
			isa = PBXGroup;
			children = (
				82F617082815D4F700282CBF /* SceneDelegate.swift */,
				82F617062815D4F700282CBF /* AppDelegate.swift */,
				82F6170F2815D4F900282CBF /* Assets.xcassets */,
				82F617112815D4F900282CBF /* LaunchScreen.storyboard */,
				82F617142815D4F900282CBF /* Info.plist */,
			);
			path = SupportingFiles;
			sourceTree = "<group>";
		};
		82C78AC728167455003AB766 /* Structure */ = {
			isa = PBXGroup;
			children = (
				82C78AC82816746C003AB766 /* AnyView.swift */,
				82C78ACA2816747F003AB766 /* AnyInteractor.swift */,
				82C78ACC28167491003AB766 /* AnyPresenter.swift */,
				82C78ACE281674A1003AB766 /* AnyRouter.swift */,
			);
			path = Structure;
			sourceTree = "<group>";
		};
		82C78AD028167502003AB766 /* Entities */ = {
			isa = PBXGroup;
			children = (
				82C78AD128167516003AB766 /* BaseEntity.swift */,
				82C78AD328167527003AB766 /* RatesEntity.swift */,
				82C78AD528167536003AB766 /* ErrorEntity.swift */,
				82C78AD728167548003AB766 /* SymbolsEntity.swift */,
				82C78AD928167557003AB766 /* GenericEntity.swift */,
				82C78B0D2816B55A003AB766 /* TimeSeriesEntity.swift */,
				82C78B0F2816B84D003AB766 /* TimeSeriesRatesEntity.swift */,
				82C78B212816CC8A003AB766 /* TimeSeriesRateEntity.swift */,
			);
			path = Entities;
			sourceTree = "<group>";
		};
		82C78ADB281675C1003AB766 /* Services */ = {
			isa = PBXGroup;
			children = (
				82C78ADC281675CD003AB766 /* Chain network */,
				82C78AE52816766E003AB766 /* NetworkErrors.swift */,
				82C78AE72816769A003AB766 /* Network.swift */,
			);
			path = Services;
			sourceTree = "<group>";
		};
		82C78ADC281675CD003AB766 /* Chain network */ = {
			isa = PBXGroup;
			children = (
				82C78ADD281675E0003AB766 /* NetworkChainProtocol.swift */,
				82C78ADF281675F1003AB766 /* SuccessResponse.swift */,
				82C78AE128167604003AB766 /* InternalServerError.swift */,
				82C78AE328167614003AB766 /* FixerErrorResponse.swift */,
			);
			path = "Chain network";
			sourceTree = "<group>";
		};
		82C78AEB28167A86003AB766 /* App */ = {
			isa = PBXGroup;
			children = (
				82C78B112816BA9D003AB766 /* ExchangeHistory */,
				82C78B0A28168300003AB766 /* NameOfCurrencies */,
				82C78AF828167EA1003AB766 /* Exchange */,
				82C78AEC28167A94003AB766 /* Symbols */,
			);
			path = App;
			sourceTree = "<group>";
		};
		82C78AEC28167A94003AB766 /* Symbols */ = {
			isa = PBXGroup;
			children = (
				82C78AEF28167AD0003AB766 /* SymbolsEnums.swift */,
				82C78AF628167E52003AB766 /* ExchangeSymbols.swift */,
			);
			path = Symbols;
			sourceTree = "<group>";
		};
		82C78AF128167AF8003AB766 /* Extensions */ = {
			isa = PBXGroup;
			children = (
				82C78AF228167B0D003AB766 /* String+Utils.swift */,
				82C78B0828167FAC003AB766 /* Collection+SafeIndex.swift */,
				82C78B232816E49A003AB766 /* Date+utils.swift */,
			);
			path = Extensions;
			sourceTree = "<group>";
		};
		82C78AF828167EA1003AB766 /* Exchange */ = {
			isa = PBXGroup;
			children = (
				82C78AF928167EAD003AB766 /* TableViewCell */,
				82C78AFC28167EDE003AB766 /* ExchangeVC.swift */,
				82C78AFE28167F06003AB766 /* ExchangeView.swift */,
				82C78B0028167F2F003AB766 /* ExchangeIntractor.swift */,
				82C78B0228167F4C003AB766 /* ExchangePresenter.swift */,
				82C78B0428167F67003AB766 /* ExchangeTVHandler.swift */,
				82C78B0628167F87003AB766 /* ExchangeRouter.swift */,
			);
			path = Exchange;
			sourceTree = "<group>";
		};
		82C78AF928167EAD003AB766 /* TableViewCell */ = {
			isa = PBXGroup;
			children = (
				82C78AFA28167EBF003AB766 /* ExchangeTVC.swift */,
			);
			path = TableViewCell;
			sourceTree = "<group>";
		};
		82C78B0A28168300003AB766 /* NameOfCurrencies */ = {
			isa = PBXGroup;
			children = (
				82C78B0B2816834D003AB766 /* NameOfCurrenciesVC.swift */,
			);
			path = NameOfCurrencies;
			sourceTree = "<group>";
		};
		82C78B112816BA9D003AB766 /* ExchangeHistory */ = {
			isa = PBXGroup;
			children = (
				82C78B162816C249003AB766 /* CollectionViewCell */,
				82C78B122816BACB003AB766 /* ExchangeHistoryVC.swift */,
				82C78B142816C20E003AB766 /* ExchangeHistoryCVC.swift */,
				82C78B192816C96F003AB766 /* ExchangeHistoryView.swift */,
				82C78B1B2816C9C6003AB766 /* ExchangeHistoryInteractor.swift */,
				82C78B1D2816C9F0003AB766 /* ExchangeHistoryPresenter.swift */,
				82C78B1F2816CA1A003AB766 /* ExchangeHistoryRouter.swift */,
			);
			path = ExchangeHistory;
			sourceTree = "<group>";
		};
		82C78B162816C249003AB766 /* CollectionViewCell */ = {
			isa = PBXGroup;
			children = (
				82C78B172816C278003AB766 /* ExchangeHistoryCVCell.swift */,
			);
			path = CollectionViewCell;
			sourceTree = "<group>";
		};
		82F616FA2815D4F700282CBF = {
			isa = PBXGroup;
			children = (
				82F617052815D4F700282CBF /* PetSafeCodeChallengeUIKit */,
				82F6171C2815D4FA00282CBF /* PetSafeCodeChallengeUIKitTests */,
				82F617262815D4FA00282CBF /* PetSafeCodeChallengeUIKitUITests */,
				82F617042815D4F700282CBF /* Products */,
			);
			sourceTree = "<group>";
		};
		82F617042815D4F700282CBF /* Products */ = {
			isa = PBXGroup;
			children = (
				82F617032815D4F700282CBF /* PetSafeCodeChallengeUIKit.app */,
				82F617192815D4FA00282CBF /* PetSafeCodeChallengeUIKitTests.xctest */,
				82F617232815D4FA00282CBF /* PetSafeCodeChallengeUIKitUITests.xctest */,
			);
			name = Products;
			sourceTree = "<group>";
		};
		82F617052815D4F700282CBF /* PetSafeCodeChallengeUIKit */ = {
			isa = PBXGroup;
			children = (
				82C78AF128167AF8003AB766 /* Extensions */,
				82C78AEB28167A86003AB766 /* App */,
				82C78ADB281675C1003AB766 /* Services */,
				82C78AD028167502003AB766 /* Entities */,
				82C78AC728167455003AB766 /* Structure */,
				82C78AC62816707D003AB766 /* SupportingFiles */,
				82F6170A2815D4F700282CBF /* ViewController.swift */,
				82F6170C2815D4F700282CBF /* Main.storyboard */,
			);
			path = PetSafeCodeChallengeUIKit;
			sourceTree = "<group>";
		};
		82F6171C2815D4FA00282CBF /* PetSafeCodeChallengeUIKitTests */ = {
			isa = PBXGroup;
			children = (
				82F6171D2815D4FA00282CBF /* PetSafeCodeChallengeUIKitTests.swift */,
				82C78AE9281677B9003AB766 /* ServicesTests.swift */,
				82C78AF428167B3A003AB766 /* ExtensionTests.swift */,
			);
			path = PetSafeCodeChallengeUIKitTests;
			sourceTree = "<group>";
		};
		82F617262815D4FA00282CBF /* PetSafeCodeChallengeUIKitUITests */ = {
			isa = PBXGroup;
			children = (
				82F617272815D4FA00282CBF /* PetSafeCodeChallengeUIKitUITests.swift */,
				82F617292815D4FA00282CBF /* PetSafeCodeChallengeUIKitUITestsLaunchTests.swift */,
			);
			path = PetSafeCodeChallengeUIKitUITests;
			sourceTree = "<group>";
		};
/* End PBXGroup section */

/* Begin PBXNativeTarget section */
		82F617022815D4F700282CBF /* PetSafeCodeChallengeUIKit */ = {
			isa = PBXNativeTarget;
			buildConfigurationList = 82F6172D2815D4FA00282CBF /* Build configuration list for PBXNativeTarget "PetSafeCodeChallengeUIKit" */;
			buildPhases = (
				82F616FF2815D4F700282CBF /* Sources */,
				82F617002815D4F700282CBF /* Frameworks */,
				82F617012815D4F700282CBF /* Resources */,
			);
			buildRules = (
			);
			dependencies = (
			);
			name = PetSafeCodeChallengeUIKit;
			productName = PetSafeCodeChallengeUIKit;
			productReference = 82F617032815D4F700282CBF /* PetSafeCodeChallengeUIKit.app */;
			productType = "com.apple.product-type.application";
		};
		82F617182815D4FA00282CBF /* PetSafeCodeChallengeUIKitTests */ = {
			isa = PBXNativeTarget;
			buildConfigurationList = 82F617302815D4FA00282CBF /* Build configuration list for PBXNativeTarget "PetSafeCodeChallengeUIKitTests" */;
			buildPhases = (
				82F617152815D4FA00282CBF /* Sources */,
				82F617162815D4FA00282CBF /* Frameworks */,
				82F617172815D4FA00282CBF /* Resources */,
			);
			buildRules = (
			);
			dependencies = (
				82F6171B2815D4FA00282CBF /* PBXTargetDependency */,
			);
			name = PetSafeCodeChallengeUIKitTests;
			productName = PetSafeCodeChallengeUIKitTests;
			productReference = 82F617192815D4FA00282CBF /* PetSafeCodeChallengeUIKitTests.xctest */;
			productType = "com.apple.product-type.bundle.unit-test";
		};
		82F617222815D4FA00282CBF /* PetSafeCodeChallengeUIKitUITests */ = {
			isa = PBXNativeTarget;
			buildConfigurationList = 82F617332815D4FA00282CBF /* Build configuration list for PBXNativeTarget "PetSafeCodeChallengeUIKitUITests" */;
			buildPhases = (
				82F6171F2815D4FA00282CBF /* Sources */,
				82F617202815D4FA00282CBF /* Frameworks */,
				82F617212815D4FA00282CBF /* Resources */,
			);
			buildRules = (
			);
			dependencies = (
				82F617252815D4FA00282CBF /* PBXTargetDependency */,
			);
			name = PetSafeCodeChallengeUIKitUITests;
			productName = PetSafeCodeChallengeUIKitUITests;
			productReference = 82F617232815D4FA00282CBF /* PetSafeCodeChallengeUIKitUITests.xctest */;
			productType = "com.apple.product-type.bundle.ui-testing";
		};
/* End PBXNativeTarget section */

/* Begin PBXProject section */
		82F616FB2815D4F700282CBF /* Project object */ = {
			isa = PBXProject;
			attributes = {
				BuildIndependentTargetsInParallel = 1;
				LastSwiftUpdateCheck = 1330;
				LastUpgradeCheck = 1330;
				TargetAttributes = {
					82F617022815D4F700282CBF = {
						CreatedOnToolsVersion = 13.3;
					};
					82F617182815D4FA00282CBF = {
						CreatedOnToolsVersion = 13.3;
						TestTargetID = 82F617022815D4F700282CBF;
					};
					82F617222815D4FA00282CBF = {
						CreatedOnToolsVersion = 13.3;
						TestTargetID = 82F617022815D4F700282CBF;
					};
				};
			};
			buildConfigurationList = 82F616FE2815D4F700282CBF /* Build configuration list for PBXProject "PetSafeCodeChallengeUIKit" */;
			compatibilityVersion = "Xcode 13.0";
			developmentRegion = en;
			hasScannedForEncodings = 0;
			knownRegions = (
				en,
				Base,
			);
			mainGroup = 82F616FA2815D4F700282CBF;
			productRefGroup = 82F617042815D4F700282CBF /* Products */;
			projectDirPath = "";
			projectRoot = "";
			targets = (
				82F617022815D4F700282CBF /* PetSafeCodeChallengeUIKit */,
				82F617182815D4FA00282CBF /* PetSafeCodeChallengeUIKitTests */,
				82F617222815D4FA00282CBF /* PetSafeCodeChallengeUIKitUITests */,
			);
		};
/* End PBXProject section */

/* Begin PBXResourcesBuildPhase section */
		82F617012815D4F700282CBF /* Resources */ = {
			isa = PBXResourcesBuildPhase;
			buildActionMask = 2147483647;
			files = (
				82F617132815D4F900282CBF /* LaunchScreen.storyboard in Resources */,
				82F617102815D4F900282CBF /* Assets.xcassets in Resources */,
				82F6170E2815D4F700282CBF /* Main.storyboard in Resources */,
			);
			runOnlyForDeploymentPostprocessing = 0;
		};
		82F617172815D4FA00282CBF /* Resources */ = {
			isa = PBXResourcesBuildPhase;
			buildActionMask = 2147483647;
			files = (
			);
			runOnlyForDeploymentPostprocessing = 0;
		};
		82F617212815D4FA00282CBF /* Resources */ = {
			isa = PBXResourcesBuildPhase;
			buildActionMask = 2147483647;
			files = (
			);
			runOnlyForDeploymentPostprocessing = 0;
		};
/* End PBXResourcesBuildPhase section */

/* Begin PBXSourcesBuildPhase section */
		82F616FF2815D4F700282CBF /* Sources */ = {
			isa = PBXSourcesBuildPhase;
			buildActionMask = 2147483647;
			files = (
				82C78AF328167B0D003AB766 /* String+Utils.swift in Sources */,
				82F6170B2815D4F700282CBF /* ViewController.swift in Sources */,
				82C78ADE281675E0003AB766 /* NetworkChainProtocol.swift in Sources */,
				82C78AD828167548003AB766 /* SymbolsEntity.swift in Sources */,
				82C78ACD28167491003AB766 /* AnyPresenter.swift in Sources */,
				82F617072815D4F700282CBF /* AppDelegate.swift in Sources */,
				82C78B132816BACB003AB766 /* ExchangeHistoryVC.swift in Sources */,
				82C78B182816C278003AB766 /* ExchangeHistoryCVCell.swift in Sources */,
				82C78AF728167E52003AB766 /* ExchangeSymbols.swift in Sources */,
				82C78AD228167516003AB766 /* BaseEntity.swift in Sources */,
				82C78AFB28167EBF003AB766 /* ExchangeTVC.swift in Sources */,
				82C78B0328167F4C003AB766 /* ExchangePresenter.swift in Sources */,
				82C78AE62816766E003AB766 /* NetworkErrors.swift in Sources */,
				82C78B0C2816834D003AB766 /* NameOfCurrenciesVC.swift in Sources */,
				82C78B202816CA1A003AB766 /* ExchangeHistoryRouter.swift in Sources */,
				82F617092815D4F700282CBF /* SceneDelegate.swift in Sources */,
				82C78B222816CC8A003AB766 /* TimeSeriesRateEntity.swift in Sources */,
				82C78ACB2816747F003AB766 /* AnyInteractor.swift in Sources */,
				82C78AE228167604003AB766 /* InternalServerError.swift in Sources */,
				82C78AE0281675F1003AB766 /* SuccessResponse.swift in Sources */,
				82C78B0728167F87003AB766 /* ExchangeRouter.swift in Sources */,
				82C78AFD28167EDE003AB766 /* ExchangeVC.swift in Sources */,
				82C78B0128167F2F003AB766 /* ExchangeIntractor.swift in Sources */,
				82C78AE428167614003AB766 /* FixerErrorResponse.swift in Sources */,
				82C78B1E2816C9F0003AB766 /* ExchangeHistoryPresenter.swift in Sources */,
				82C78B0E2816B55A003AB766 /* TimeSeriesEntity.swift in Sources */,
				82C78B1C2816C9C6003AB766 /* ExchangeHistoryInteractor.swift in Sources */,
				82C78B242816E49A003AB766 /* Date+utils.swift in Sources */,
				82C78AD428167527003AB766 /* RatesEntity.swift in Sources */,
				82C78B1A2816C96F003AB766 /* ExchangeHistoryView.swift in Sources */,
				82C78AF028167AD0003AB766 /* SymbolsEnums.swift in Sources */,
				82C78ADA28167557003AB766 /* GenericEntity.swift in Sources */,
				82C78B102816B84D003AB766 /* TimeSeriesRatesEntity.swift in Sources */,
				82C78AFF28167F06003AB766 /* ExchangeView.swift in Sources */,
				82C78AE82816769A003AB766 /* Network.swift in Sources */,
				82C78B152816C20E003AB766 /* ExchangeHistoryCVC.swift in Sources */,
				82C78B0928167FAC003AB766 /* Collection+SafeIndex.swift in Sources */,
				82C78AC92816746C003AB766 /* AnyView.swift in Sources */,
				82C78ACF281674A1003AB766 /* AnyRouter.swift in Sources */,
				82C78AD628167536003AB766 /* ErrorEntity.swift in Sources */,
				82C78B0528167F67003AB766 /* ExchangeTVHandler.swift in Sources */,
			);
			runOnlyForDeploymentPostprocessing = 0;
		};
		82F617152815D4FA00282CBF /* Sources */ = {
			isa = PBXSourcesBuildPhase;
			buildActionMask = 2147483647;
			files = (
				82C78AF528167B3A003AB766 /* ExtensionTests.swift in Sources */,
				82F6171E2815D4FA00282CBF /* PetSafeCodeChallengeUIKitTests.swift in Sources */,
				82C78AEA281677B9003AB766 /* ServicesTests.swift in Sources */,
			);
			runOnlyForDeploymentPostprocessing = 0;
		};
		82F6171F2815D4FA00282CBF /* Sources */ = {
			isa = PBXSourcesBuildPhase;
			buildActionMask = 2147483647;
			files = (
				82F617282815D4FA00282CBF /* PetSafeCodeChallengeUIKitUITests.swift in Sources */,
				82F6172A2815D4FA00282CBF /* PetSafeCodeChallengeUIKitUITestsLaunchTests.swift in Sources */,
			);
			runOnlyForDeploymentPostprocessing = 0;
		};
/* End PBXSourcesBuildPhase section */

/* Begin PBXTargetDependency section */
		82F6171B2815D4FA00282CBF /* PBXTargetDependency */ = {
			isa = PBXTargetDependency;
			target = 82F617022815D4F700282CBF /* PetSafeCodeChallengeUIKit */;
			targetProxy = 82F6171A2815D4FA00282CBF /* PBXContainerItemProxy */;
		};
		82F617252815D4FA00282CBF /* PBXTargetDependency */ = {
			isa = PBXTargetDependency;
			target = 82F617022815D4F700282CBF /* PetSafeCodeChallengeUIKit */;
			targetProxy = 82F617242815D4FA00282CBF /* PBXContainerItemProxy */;
		};
/* End PBXTargetDependency section */

/* Begin PBXVariantGroup section */
		82F6170C2815D4F700282CBF /* Main.storyboard */ = {
			isa = PBXVariantGroup;
			children = (
				82F6170D2815D4F700282CBF /* Base */,
			);
			name = Main.storyboard;
			sourceTree = "<group>";
		};
		82F617112815D4F900282CBF /* LaunchScreen.storyboard */ = {
			isa = PBXVariantGroup;
			children = (
				82F617122815D4F900282CBF /* Base */,
			);
			name = LaunchScreen.storyboard;
			sourceTree = "<group>";
		};
/* End PBXVariantGroup section */

/* Begin XCBuildConfiguration section */
		82F6172B2815D4FA00282CBF /* Debug */ = {
			isa = XCBuildConfiguration;
			buildSettings = {
				ALWAYS_SEARCH_USER_PATHS = NO;
				CLANG_ANALYZER_NONNULL = YES;
				CLANG_ANALYZER_NUMBER_OBJECT_CONVERSION = YES_AGGRESSIVE;
				CLANG_CXX_LANGUAGE_STANDARD = "gnu++17";
				CLANG_ENABLE_MODULES = YES;
				CLANG_ENABLE_OBJC_ARC = YES;
				CLANG_ENABLE_OBJC_WEAK = YES;
				CLANG_WARN_BLOCK_CAPTURE_AUTORELEASING = YES;
				CLANG_WARN_BOOL_CONVERSION = YES;
				CLANG_WARN_COMMA = YES;
				CLANG_WARN_CONSTANT_CONVERSION = YES;
				CLANG_WARN_DEPRECATED_OBJC_IMPLEMENTATIONS = YES;
				CLANG_WARN_DIRECT_OBJC_ISA_USAGE = YES_ERROR;
				CLANG_WARN_DOCUMENTATION_COMMENTS = YES;
				CLANG_WARN_EMPTY_BODY = YES;
				CLANG_WARN_ENUM_CONVERSION = YES;
				CLANG_WARN_INFINITE_RECURSION = YES;
				CLANG_WARN_INT_CONVERSION = YES;
				CLANG_WARN_NON_LITERAL_NULL_CONVERSION = YES;
				CLANG_WARN_OBJC_IMPLICIT_RETAIN_SELF = YES;
				CLANG_WARN_OBJC_LITERAL_CONVERSION = YES;
				CLANG_WARN_OBJC_ROOT_CLASS = YES_ERROR;
				CLANG_WARN_QUOTED_INCLUDE_IN_FRAMEWORK_HEADER = YES;
				CLANG_WARN_RANGE_LOOP_ANALYSIS = YES;
				CLANG_WARN_STRICT_PROTOTYPES = YES;
				CLANG_WARN_SUSPICIOUS_MOVE = YES;
				CLANG_WARN_UNGUARDED_AVAILABILITY = YES_AGGRESSIVE;
				CLANG_WARN_UNREACHABLE_CODE = YES;
				CLANG_WARN__DUPLICATE_METHOD_MATCH = YES;
				COPY_PHASE_STRIP = NO;
				DEBUG_INFORMATION_FORMAT = dwarf;
				ENABLE_STRICT_OBJC_MSGSEND = YES;
				ENABLE_TESTABILITY = YES;
				GCC_C_LANGUAGE_STANDARD = gnu11;
				GCC_DYNAMIC_NO_PIC = NO;
				GCC_NO_COMMON_BLOCKS = YES;
				GCC_OPTIMIZATION_LEVEL = 0;
				GCC_PREPROCESSOR_DEFINITIONS = (
					"DEBUG=1",
					"$(inherited)",
				);
				GCC_WARN_64_TO_32_BIT_CONVERSION = YES;
				GCC_WARN_ABOUT_RETURN_TYPE = YES_ERROR;
				GCC_WARN_UNDECLARED_SELECTOR = YES;
				GCC_WARN_UNINITIALIZED_AUTOS = YES_AGGRESSIVE;
				GCC_WARN_UNUSED_FUNCTION = YES;
				GCC_WARN_UNUSED_VARIABLE = YES;
				IPHONEOS_DEPLOYMENT_TARGET = 14.0;
				MTL_ENABLE_DEBUG_INFO = INCLUDE_SOURCE;
				MTL_FAST_MATH = YES;
				ONLY_ACTIVE_ARCH = YES;
				SDKROOT = iphoneos;
				SWIFT_ACTIVE_COMPILATION_CONDITIONS = DEBUG;
				SWIFT_OPTIMIZATION_LEVEL = "-Onone";
			};
			name = Debug;
		};
		82F6172C2815D4FA00282CBF /* Release */ = {
			isa = XCBuildConfiguration;
			buildSettings = {
				ALWAYS_SEARCH_USER_PATHS = NO;
				CLANG_ANALYZER_NONNULL = YES;
				CLANG_ANALYZER_NUMBER_OBJECT_CONVERSION = YES_AGGRESSIVE;
				CLANG_CXX_LANGUAGE_STANDARD = "gnu++17";
				CLANG_ENABLE_MODULES = YES;
				CLANG_ENABLE_OBJC_ARC = YES;
				CLANG_ENABLE_OBJC_WEAK = YES;
				CLANG_WARN_BLOCK_CAPTURE_AUTORELEASING = YES;
				CLANG_WARN_BOOL_CONVERSION = YES;
				CLANG_WARN_COMMA = YES;
				CLANG_WARN_CONSTANT_CONVERSION = YES;
				CLANG_WARN_DEPRECATED_OBJC_IMPLEMENTATIONS = YES;
				CLANG_WARN_DIRECT_OBJC_ISA_USAGE = YES_ERROR;
				CLANG_WARN_DOCUMENTATION_COMMENTS = YES;
				CLANG_WARN_EMPTY_BODY = YES;
				CLANG_WARN_ENUM_CONVERSION = YES;
				CLANG_WARN_INFINITE_RECURSION = YES;
				CLANG_WARN_INT_CONVERSION = YES;
				CLANG_WARN_NON_LITERAL_NULL_CONVERSION = YES;
				CLANG_WARN_OBJC_IMPLICIT_RETAIN_SELF = YES;
				CLANG_WARN_OBJC_LITERAL_CONVERSION = YES;
				CLANG_WARN_OBJC_ROOT_CLASS = YES_ERROR;
				CLANG_WARN_QUOTED_INCLUDE_IN_FRAMEWORK_HEADER = YES;
				CLANG_WARN_RANGE_LOOP_ANALYSIS = YES;
				CLANG_WARN_STRICT_PROTOTYPES = YES;
				CLANG_WARN_SUSPICIOUS_MOVE = YES;
				CLANG_WARN_UNGUARDED_AVAILABILITY = YES_AGGRESSIVE;
				CLANG_WARN_UNREACHABLE_CODE = YES;
				CLANG_WARN__DUPLICATE_METHOD_MATCH = YES;
				COPY_PHASE_STRIP = NO;
				DEBUG_INFORMATION_FORMAT = "dwarf-with-dsym";
				ENABLE_NS_ASSERTIONS = NO;
				ENABLE_STRICT_OBJC_MSGSEND = YES;
				GCC_C_LANGUAGE_STANDARD = gnu11;
				GCC_NO_COMMON_BLOCKS = YES;
				GCC_WARN_64_TO_32_BIT_CONVERSION = YES;
				GCC_WARN_ABOUT_RETURN_TYPE = YES_ERROR;
				GCC_WARN_UNDECLARED_SELECTOR = YES;
				GCC_WARN_UNINITIALIZED_AUTOS = YES_AGGRESSIVE;
				GCC_WARN_UNUSED_FUNCTION = YES;
				GCC_WARN_UNUSED_VARIABLE = YES;
				IPHONEOS_DEPLOYMENT_TARGET = 14.0;
				MTL_ENABLE_DEBUG_INFO = NO;
				MTL_FAST_MATH = YES;
				SDKROOT = iphoneos;
				SWIFT_COMPILATION_MODE = wholemodule;
				SWIFT_OPTIMIZATION_LEVEL = "-O";
				VALIDATE_PRODUCT = YES;
			};
			name = Release;
		};
		82F6172E2815D4FA00282CBF /* Debug */ = {
			isa = XCBuildConfiguration;
			buildSettings = {
				ASSETCATALOG_COMPILER_APPICON_NAME = AppIcon;
				ASSETCATALOG_COMPILER_GLOBAL_ACCENT_COLOR_NAME = AccentColor;
				CODE_SIGN_STYLE = Automatic;
				CURRENT_PROJECT_VERSION = 1;
				GENERATE_INFOPLIST_FILE = YES;
				INFOPLIST_FILE = PetSafeCodeChallengeUIKit/SupportingFiles/Info.plist;
				INFOPLIST_KEY_UIApplicationSupportsIndirectInputEvents = YES;
				INFOPLIST_KEY_UILaunchStoryboardName = LaunchScreen;
				INFOPLIST_KEY_UIMainStoryboardFile = Main;
				INFOPLIST_KEY_UISupportedInterfaceOrientations_iPad = "UIInterfaceOrientationPortrait UIInterfaceOrientationPortraitUpsideDown UIInterfaceOrientationLandscapeLeft UIInterfaceOrientationLandscapeRight";
				INFOPLIST_KEY_UISupportedInterfaceOrientations_iPhone = "UIInterfaceOrientationPortrait UIInterfaceOrientationLandscapeLeft UIInterfaceOrientationLandscapeRight";
				LD_RUNPATH_SEARCH_PATHS = (
					"$(inherited)",
					"@executable_path/Frameworks",
				);
				MARKETING_VERSION = 1.0;
				PRODUCT_BUNDLE_IDENTIFIER = com.mohsen.PetSafeCodeChallengeUIKit;
				PRODUCT_NAME = "$(TARGET_NAME)";
				SWIFT_EMIT_LOC_STRINGS = YES;
				SWIFT_VERSION = 5.0;
				TARGETED_DEVICE_FAMILY = "1,2";
			};
			name = Debug;
		};
		82F6172F2815D4FA00282CBF /* Release */ = {
			isa = XCBuildConfiguration;
			buildSettings = {
				ASSETCATALOG_COMPILER_APPICON_NAME = AppIcon;
				ASSETCATALOG_COMPILER_GLOBAL_ACCENT_COLOR_NAME = AccentColor;
				CODE_SIGN_STYLE = Automatic;
				CURRENT_PROJECT_VERSION = 1;
				GENERATE_INFOPLIST_FILE = YES;
				INFOPLIST_FILE = PetSafeCodeChallengeUIKit/SupportingFiles/Info.plist;
				INFOPLIST_KEY_UIApplicationSupportsIndirectInputEvents = YES;
				INFOPLIST_KEY_UILaunchStoryboardName = LaunchScreen;
				INFOPLIST_KEY_UIMainStoryboardFile = Main;
				INFOPLIST_KEY_UISupportedInterfaceOrientations_iPad = "UIInterfaceOrientationPortrait UIInterfaceOrientationPortraitUpsideDown UIInterfaceOrientationLandscapeLeft UIInterfaceOrientationLandscapeRight";
				INFOPLIST_KEY_UISupportedInterfaceOrientations_iPhone = "UIInterfaceOrientationPortrait UIInterfaceOrientationLandscapeLeft UIInterfaceOrientationLandscapeRight";
				LD_RUNPATH_SEARCH_PATHS = (
					"$(inherited)",
					"@executable_path/Frameworks",
				);
				MARKETING_VERSION = 1.0;
				PRODUCT_BUNDLE_IDENTIFIER = com.mohsen.PetSafeCodeChallengeUIKit;
				PRODUCT_NAME = "$(TARGET_NAME)";
				SWIFT_EMIT_LOC_STRINGS = YES;
				SWIFT_VERSION = 5.0;
				TARGETED_DEVICE_FAMILY = "1,2";
			};
			name = Release;
		};
		82F617312815D4FA00282CBF /* Debug */ = {
			isa = XCBuildConfiguration;
			buildSettings = {
				ALWAYS_EMBED_SWIFT_STANDARD_LIBRARIES = YES;
				BUNDLE_LOADER = "$(TEST_HOST)";
				CODE_SIGN_STYLE = Automatic;
				CURRENT_PROJECT_VERSION = 1;
				GENERATE_INFOPLIST_FILE = YES;
				IPHONEOS_DEPLOYMENT_TARGET = 14.0;
				MARKETING_VERSION = 1.0;
				PRODUCT_BUNDLE_IDENTIFIER = com.mohsen.PetSafeCodeChallengeUIKitTests;
				PRODUCT_NAME = "$(TARGET_NAME)";
				SWIFT_EMIT_LOC_STRINGS = NO;
				SWIFT_VERSION = 5.0;
				TARGETED_DEVICE_FAMILY = "1,2";
				TEST_HOST = "$(BUILT_PRODUCTS_DIR)/PetSafeCodeChallengeUIKit.app/PetSafeCodeChallengeUIKit";
			};
			name = Debug;
		};
		82F617322815D4FA00282CBF /* Release */ = {
			isa = XCBuildConfiguration;
			buildSettings = {
				ALWAYS_EMBED_SWIFT_STANDARD_LIBRARIES = YES;
				BUNDLE_LOADER = "$(TEST_HOST)";
				CODE_SIGN_STYLE = Automatic;
				CURRENT_PROJECT_VERSION = 1;
				GENERATE_INFOPLIST_FILE = YES;
				IPHONEOS_DEPLOYMENT_TARGET = 14.0;
				MARKETING_VERSION = 1.0;
				PRODUCT_BUNDLE_IDENTIFIER = com.mohsen.PetSafeCodeChallengeUIKitTests;
				PRODUCT_NAME = "$(TARGET_NAME)";
				SWIFT_EMIT_LOC_STRINGS = NO;
				SWIFT_VERSION = 5.0;
				TARGETED_DEVICE_FAMILY = "1,2";
				TEST_HOST = "$(BUILT_PRODUCTS_DIR)/PetSafeCodeChallengeUIKit.app/PetSafeCodeChallengeUIKit";
			};
			name = Release;
		};
		82F617342815D4FA00282CBF /* Debug */ = {
			isa = XCBuildConfiguration;
			buildSettings = {
				ALWAYS_EMBED_SWIFT_STANDARD_LIBRARIES = YES;
				CODE_SIGN_STYLE = Automatic;
				CURRENT_PROJECT_VERSION = 1;
				GENERATE_INFOPLIST_FILE = YES;
				MARKETING_VERSION = 1.0;
				PRODUCT_BUNDLE_IDENTIFIER = com.mohsen.PetSafeCodeChallengeUIKitUITests;
				PRODUCT_NAME = "$(TARGET_NAME)";
				SWIFT_EMIT_LOC_STRINGS = NO;
				SWIFT_VERSION = 5.0;
				TARGETED_DEVICE_FAMILY = "1,2";
				TEST_TARGET_NAME = PetSafeCodeChallengeUIKit;
			};
			name = Debug;
		};
		82F617352815D4FA00282CBF /* Release */ = {
			isa = XCBuildConfiguration;
			buildSettings = {
				ALWAYS_EMBED_SWIFT_STANDARD_LIBRARIES = YES;
				CODE_SIGN_STYLE = Automatic;
				CURRENT_PROJECT_VERSION = 1;
				GENERATE_INFOPLIST_FILE = YES;
				MARKETING_VERSION = 1.0;
				PRODUCT_BUNDLE_IDENTIFIER = com.mohsen.PetSafeCodeChallengeUIKitUITests;
				PRODUCT_NAME = "$(TARGET_NAME)";
				SWIFT_EMIT_LOC_STRINGS = NO;
				SWIFT_VERSION = 5.0;
				TARGETED_DEVICE_FAMILY = "1,2";
				TEST_TARGET_NAME = PetSafeCodeChallengeUIKit;
			};
			name = Release;
		};
/* End XCBuildConfiguration section */

/* Begin XCConfigurationList section */
		82F616FE2815D4F700282CBF /* Build configuration list for PBXProject "PetSafeCodeChallengeUIKit" */ = {
			isa = XCConfigurationList;
			buildConfigurations = (
				82F6172B2815D4FA00282CBF /* Debug */,
				82F6172C2815D4FA00282CBF /* Release */,
			);
			defaultConfigurationIsVisible = 0;
			defaultConfigurationName = Release;
		};
		82F6172D2815D4FA00282CBF /* Build configuration list for PBXNativeTarget "PetSafeCodeChallengeUIKit" */ = {
			isa = XCConfigurationList;
			buildConfigurations = (
				82F6172E2815D4FA00282CBF /* Debug */,
				82F6172F2815D4FA00282CBF /* Release */,
			);
			defaultConfigurationIsVisible = 0;
			defaultConfigurationName = Release;
		};
		82F617302815D4FA00282CBF /* Build configuration list for PBXNativeTarget "PetSafeCodeChallengeUIKitTests" */ = {
			isa = XCConfigurationList;
			buildConfigurations = (
				82F617312815D4FA00282CBF /* Debug */,
				82F617322815D4FA00282CBF /* Release */,
			);
			defaultConfigurationIsVisible = 0;
			defaultConfigurationName = Release;
		};
		82F617332815D4FA00282CBF /* Build configuration list for PBXNativeTarget "PetSafeCodeChallengeUIKitUITests" */ = {
			isa = XCConfigurationList;
			buildConfigurations = (
				82F617342815D4FA00282CBF /* Debug */,
				82F617352815D4FA00282CBF /* Release */,
			);
			defaultConfigurationIsVisible = 0;
			defaultConfigurationName = Release;
		};
/* End XCConfigurationList section */
	};
	rootObject = 82F616FB2815D4F700282CBF /* Project object */;
}
